
Microsoft Visual Studio Solution File, Format Version 12.00
Project("{FAE04EC0-301F-11D3-BF4B-00C04F79EFBC}") = "AuThenticationAspDonetCore", "AuThenticationAspDonetCore\AuThenticationAspDonetCore.csproj", "{2964FE28-0EEC-4AC4-A9D3-120F2325481F}"
EndProject
Global
	GlobalSection(SolutionConfigurationPlatforms) = preSolution
		Debug|Any CPU = Debug|Any CPU
		Release|Any CPU = Release|Any CPU
	EndGlobalSection
	GlobalSection(ProjectConfigurationPlatforms) = postSolution
		{2964FE28-0EEC-4AC4-A9D3-120F2325481F}.Debug|Any CPU.ActiveCfg = Debug|Any CPU
		{2964FE28-0EEC-4AC4-A9D3-120F2325481F}.Debug|Any CPU.Build.0 = Debug|Any CPU
		{2964FE28-0EEC-4AC4-A9D3-120F2325481F}.Release|Any CPU.ActiveCfg = Release|Any CPU
		{2964FE28-0EEC-4AC4-A9D3-120F2325481F}.Release|Any CPU.Build.0 = Release|Any CPU
	EndGlobalSection
EndGlobal
